{
    "version": 3,
    "terraform_version": "0.11.8",
    "serial": 5,
    "lineage": "d73bc4a7-b8e6-d5e8-c2ab-5d0eec365ae9",
    "modules": [
        {
            "path": [
                "root"
            ],
            "outputs": {
                "config-map-aws-auth": {
                    "sensitive": false,
                    "type": "string",
                    "value": "\n\napiVersion: v1\nkind: ConfigMap\nmetadata:\n  name: aws-auth\n  namespace: kube-system\ndata:\n  mapRoles: |\n    - rolearn: arn:aws:iam::413230511243:role/AmazonEKSWorkerRole\n      username: system:node:{{EC2PrivateDNSName}}\n      groups:\n        - system:bootstrappers\n        - system:nodes\n"
                },
                "kubeconfig": {
                    "sensitive": false,
                    "type": "string",
                    "value": "\n\napiVersion: v1\nclusters:\n- cluster:\n    server: https://345F8BABCAB7CBE9873520C2587EAB4A.yl4.us-east-1.eks.amazonaws.com\n    certificate-authority-data: LS0tLS1CRUdJTiBDRVJUSUZJQ0FURS0tLS0tCk1JSUN5RENDQWJDZ0F3SUJBZ0lCQURBTkJna3Foa2lHOXcwQkFRc0ZBREFWTVJNd0VRWURWUVFERXdwcmRXSmwKY201bGRHVnpNQjRYRFRFNE1UQXhOVEEwTWpFek9Gb1hEVEk0TVRBeE1qQTBNakV6T0Zvd0ZURVRNQkVHQTFVRQpBeE1LYTNWaVpYSnVaWFJsY3pDQ0FTSXdEUVlKS29aSWh2Y05BUUVCQlFBRGdnRVBBRENDQVFvQ2dnRUJBTWVPCm1vRWpkUUdhOGJ6Vng0U05GT29iQXRqVlRkRHFxQU5ScGFYZWFhbVhvaUZXTFAxcERYR09WMFNSclpJSUJkMHAKSEFRUzR0RVpGRVRJbVZaaVlSQkF6eFpFVzI5Zm94dlVLcUh2SlEyT2IxcUpKR0VjVUxjaGs3WHp6dDBLNGF2TQpDdk1NbElCQm84cW5HaUNCT1JPekU5MDJ4QXprWWRVYTRZT1orS21RRER0OGpTK2dtTSs1dzg2ekdKZzg1b09nCm5wSVZzRnFyNThmSU81Uzh5c3NYNUZsdnpqQ3RtNFN2UHA0Y3k4bFVqKzlIUWJWVkQvc0ZOT1p2Mm1XcnNhb1cKYlhuUTdpK1UwZlhBVVVRM2ZSRUJMN08xUlhHNzRwV2NCczREZmp6QmNXQytISVQ0eWFaM3FML2h1OVBtYnMyNwpWMy9neTdrcVVZMjFQY0swZlE4Q0F3RUFBYU1qTUNFd0RnWURWUjBQQVFIL0JBUURBZ0trTUE4R0ExVWRFd0VCCi93UUZNQU1CQWY4d0RRWUpLb1pJaHZjTkFRRUxCUUFEZ2dFQkFLUFBhZHF1b1RBb2R5bEwrdHY5NVlIam9iQ2sKbVdYSVE1amJQa0VNbjRySHM3UXYyMHpXUFphQUlVSDAzdmkwUGtOY0RGVlRWcG9TQnI2WnMvMEZzMVBUQkhXdgpNMWZVZ1RoRG1Vd0RqWW5BTU5ucGxrQnFFZkVCcityRHFTMzdJODVRNFFUUG1iZnlMc0gzYndtTHZMTE92MU9BCk1iOWpsRHdnZHNLbm5mbXg0U1F4dE8reUJnRERZdTN5dnRrK1RyRmdNUitFQUpDcURPL2VzbHEzcC9ZODdpN2IKWjVpbjlacUM1d3JvaTdhQlhQYW1DdjQ4V0x2OUlJOVIyVU1uY25uLzVJMXY4UklybUFra0FJc09SYWNkdUZoUgplSTFlcnhhc29LSWZwa2FaUnEwdFFaUzRqdXhUd2V1SlFCT29wK3gyeFZURFBHQlBPVXNXa2UyWXFIbz0KLS0tLS1FTkQgQ0VSVElGSUNBVEUtLS0tLQo=\n  name: humandb-01\ncontexts:\n- context:\n    cluster: humandb-01\n    user: aws\n  name: humandb-01\ncurrent-context: humandb-01\nkind: Config\npreferences: {}\nusers:\n- name: aws\n  user:\n    exec:\n      apiVersion: client.authentication.k8s.io/v1alpha1\n      command: aws-iam-authenticator\n      args:\n        - \"token\"\n        - \"-i\"\n        - \"humandb-01\"\n        - \"-r\"\n        - \"arn:aws:iam::413230511243:role/DeployAdmin\"\n"
                }
            },
            "resources": {
                "aws_autoscaling_group.hdb-eks-workers": {
                    "type": "aws_autoscaling_group",
                    "depends_on": [
                        "aws_launch_configuration.hdb-eks",
                        "aws_subnet.us-east-1b-public",
                        "aws_subnet.us-east-1c-public",
                        "aws_subnet.us-east-1d-public",
                        "aws_subnet.us-east-1f-public"
                    ],
                    "primary": {
                        "id": "hdb-eks",
                        "attributes": {
                            "arn": "arn:aws:autoscaling:us-east-1:413230511243:autoScalingGroup:ed67fa53-e018-45e9-8608-b8cbf514d85a:autoScalingGroupName/hdb-eks",
                            "availability_zones.#": "4",
                            "availability_zones.1252502072": "us-east-1f",
                            "availability_zones.1305112097": "us-east-1b",
                            "availability_zones.2762590996": "us-east-1d",
                            "availability_zones.986537655": "us-east-1c",
                            "default_cooldown": "300",
                            "desired_capacity": "1",
                            "enabled_metrics.#": "0",
                            "force_delete": "false",
                            "health_check_grace_period": "300",
                            "health_check_type": "EC2",
                            "id": "hdb-eks",
                            "launch_configuration": "hdb-eks20181015042345327900000001",
                            "launch_template.#": "0",
                            "load_balancers.#": "0",
                            "max_size": "2",
                            "metrics_granularity": "1Minute",
                            "min_size": "1",
                            "name": "hdb-eks",
                            "placement_group": "",
                            "protect_from_scale_in": "false",
                            "service_linked_role_arn": "arn:aws:iam::413230511243:role/aws-service-role/autoscaling.amazonaws.com/AWSServiceRoleForAutoScaling",
                            "suspended_processes.#": "0",
                            "tag.#": "2",
                            "tag.4188477293.key": "Name",
                            "tag.4188477293.propagate_at_launch": "true",
                            "tag.4188477293.value": "hdb-eks",
                            "tag.620911243.key": "kubernetes.io/cluster/humandb-01",
                            "tag.620911243.propagate_at_launch": "true",
                            "tag.620911243.value": "owned",
                            "target_group_arns.#": "0",
                            "termination_policies.#": "0",
                            "vpc_zone_identifier.#": "4",
                            "vpc_zone_identifier.1160991014": "subnet-0c35d9339389894a3",
                            "vpc_zone_identifier.1325022473": "subnet-084b6a519280ac5e9",
                            "vpc_zone_identifier.1939005066": "subnet-0170db84466145aaf",
                            "vpc_zone_identifier.3174061223": "subnet-00a93427e26597f2c",
                            "wait_for_capacity_timeout": "10m"
                        },
                        "meta": {
                            "e2bfb730-ecaa-11e6-8f88-34363bc7c4c0": {
                                "delete": 600000000000
                            }
                        },
                        "tainted": false
                    },
                    "deposed": [],
                    "provider": "provider.aws"
                },
                "aws_eks_cluster.hdb-eks": {
                    "type": "aws_eks_cluster",
                    "depends_on": [
                        "aws_iam_role_policy_attachment.AmazonEKSRole_attach_5",
                        "aws_iam_role_policy_attachment.AmazonEKSRole_attach_6",
                        "aws_security_group.hdb_eks_cp",
                        "aws_subnet.us-east-1b-public",
                        "aws_subnet.us-east-1c-public",
                        "aws_subnet.us-east-1d-public"
                    ],
                    "primary": {
                        "id": "humandb-01",
                        "attributes": {
                            "arn": "arn:aws:eks:us-east-1:413230511243:cluster/humandb-01",
                            "certificate_authority.#": "1",
                            "certificate_authority.0.data": "LS0tLS1CRUdJTiBDRVJUSUZJQ0FURS0tLS0tCk1JSUN5RENDQWJDZ0F3SUJBZ0lCQURBTkJna3Foa2lHOXcwQkFRc0ZBREFWTVJNd0VRWURWUVFERXdwcmRXSmwKY201bGRHVnpNQjRYRFRFNE1UQXhOVEEwTWpFek9Gb1hEVEk0TVRBeE1qQTBNakV6T0Zvd0ZURVRNQkVHQTFVRQpBeE1LYTNWaVpYSnVaWFJsY3pDQ0FTSXdEUVlKS29aSWh2Y05BUUVCQlFBRGdnRVBBRENDQVFvQ2dnRUJBTWVPCm1vRWpkUUdhOGJ6Vng0U05GT29iQXRqVlRkRHFxQU5ScGFYZWFhbVhvaUZXTFAxcERYR09WMFNSclpJSUJkMHAKSEFRUzR0RVpGRVRJbVZaaVlSQkF6eFpFVzI5Zm94dlVLcUh2SlEyT2IxcUpKR0VjVUxjaGs3WHp6dDBLNGF2TQpDdk1NbElCQm84cW5HaUNCT1JPekU5MDJ4QXprWWRVYTRZT1orS21RRER0OGpTK2dtTSs1dzg2ekdKZzg1b09nCm5wSVZzRnFyNThmSU81Uzh5c3NYNUZsdnpqQ3RtNFN2UHA0Y3k4bFVqKzlIUWJWVkQvc0ZOT1p2Mm1XcnNhb1cKYlhuUTdpK1UwZlhBVVVRM2ZSRUJMN08xUlhHNzRwV2NCczREZmp6QmNXQytISVQ0eWFaM3FML2h1OVBtYnMyNwpWMy9neTdrcVVZMjFQY0swZlE4Q0F3RUFBYU1qTUNFd0RnWURWUjBQQVFIL0JBUURBZ0trTUE4R0ExVWRFd0VCCi93UUZNQU1CQWY4d0RRWUpLb1pJaHZjTkFRRUxCUUFEZ2dFQkFLUFBhZHF1b1RBb2R5bEwrdHY5NVlIam9iQ2sKbVdYSVE1amJQa0VNbjRySHM3UXYyMHpXUFphQUlVSDAzdmkwUGtOY0RGVlRWcG9TQnI2WnMvMEZzMVBUQkhXdgpNMWZVZ1RoRG1Vd0RqWW5BTU5ucGxrQnFFZkVCcityRHFTMzdJODVRNFFUUG1iZnlMc0gzYndtTHZMTE92MU9BCk1iOWpsRHdnZHNLbm5mbXg0U1F4dE8reUJnRERZdTN5dnRrK1RyRmdNUitFQUpDcURPL2VzbHEzcC9ZODdpN2IKWjVpbjlacUM1d3JvaTdhQlhQYW1DdjQ4V0x2OUlJOVIyVU1uY25uLzVJMXY4UklybUFra0FJc09SYWNkdUZoUgplSTFlcnhhc29LSWZwa2FaUnEwdFFaUzRqdXhUd2V1SlFCT29wK3gyeFZURFBHQlBPVXNXa2UyWXFIbz0KLS0tLS1FTkQgQ0VSVElGSUNBVEUtLS0tLQo=",
                            "created_at": "2018-10-15 04:13:36 +0000 UTC",
                            "endpoint": "https://345F8BABCAB7CBE9873520C2587EAB4A.yl4.us-east-1.eks.amazonaws.com",
                            "id": "humandb-01",
                            "name": "humandb-01",
                            "platform_version": "eks.2",
                            "role_arn": "arn:aws:iam::413230511243:role/AmazonEKSControlRole",
                            "version": "1.10",
                            "vpc_config.#": "1",
                            "vpc_config.0.security_group_ids.#": "1",
                            "vpc_config.0.security_group_ids.3259355775": "sg-082a5dc15885466fb",
                            "vpc_config.0.subnet_ids.#": "3",
                            "vpc_config.0.subnet_ids.1847066185": "subnet-0170db84466145aaf",
                            "vpc_config.0.subnet_ids.2973872133": "subnet-0c35d9339389894a3",
                            "vpc_config.0.subnet_ids.446383152": "subnet-084b6a519280ac5e9",
                            "vpc_config.0.vpc_id": "vpc-034c66ad03cec7da9"
                        },
                        "meta": {
                            "e2bfb730-ecaa-11e6-8f88-34363bc7c4c0": {
                                "create": 900000000000,
                                "delete": 900000000000
                            }
                        },
                        "tainted": false
                    },
                    "deposed": [],
                    "provider": "provider.aws"
                },
                "aws_iam_instance_profile.ec2_profile": {
                    "type": "aws_iam_instance_profile",
                    "depends_on": [
                        "aws_iam_role.AmazonEKSRole"
                    ],
                    "primary": {
                        "id": "hdb-eks",
                        "attributes": {
                            "arn": "arn:aws:iam::413230511243:instance-profile/hdb-eks",
                            "create_date": "2018-10-15T04:08:49Z",
                            "id": "hdb-eks",
                            "name": "hdb-eks",
                            "path": "/",
                            "role": "AmazonEKSControlRole",
                            "roles.#": "1",
                            "roles.1254364352": "AmazonEKSControlRole",
                            "unique_id": "AIPAJ73QP2J66W5UFFNSO"
                        },
                        "meta": {},
                        "tainted": false
                    },
                    "deposed": [],
                    "provider": "provider.aws"
                },
                "aws_iam_instance_profile.eks-worker-node": {
                    "type": "aws_iam_instance_profile",
                    "depends_on": [
                        "aws_iam_role.AmazonEKSWorkerNode"
                    ],
                    "primary": {
                        "id": "hdb-eks-worker",
                        "attributes": {
                            "arn": "arn:aws:iam::413230511243:instance-profile/hdb-eks-worker",
                            "create_date": "2018-10-15T04:08:48Z",
                            "id": "hdb-eks-worker",
                            "name": "hdb-eks-worker",
                            "path": "/",
                            "role": "AmazonEKSWorkerRole",
                            "roles.#": "1",
                            "roles.1745447888": "AmazonEKSWorkerRole",
                            "unique_id": "AIPAJ45PMN7ZLDWY6G6FC"
                        },
                        "meta": {},
                        "tainted": false
                    },
                    "deposed": [],
                    "provider": "provider.aws"
                },
                "aws_iam_role.AmazonEKSRole": {
                    "type": "aws_iam_role",
                    "depends_on": [],
                    "primary": {
                        "id": "AmazonEKSControlRole",
                        "attributes": {
                            "arn": "arn:aws:iam::413230511243:role/AmazonEKSControlRole",
                            "assume_role_policy": "{\"Version\":\"2012-10-17\",\"Statement\":[{\"Effect\":\"Allow\",\"Principal\":{\"Service\":\"eks.amazonaws.com\"},\"Action\":\"sts:AssumeRole\"}]}",
                            "create_date": "2018-10-15T04:08:48Z",
                            "description": "",
                            "force_detach_policies": "false",
                            "id": "AmazonEKSControlRole",
                            "max_session_duration": "3600",
                            "name": "AmazonEKSControlRole",
                            "path": "/",
                            "unique_id": "AROAJROCAALCJYKL7575A"
                        },
                        "meta": {},
                        "tainted": false
                    },
                    "deposed": [],
                    "provider": "provider.aws"
                },
                "aws_iam_role.AmazonEKSWorkerNode": {
                    "type": "aws_iam_role",
                    "depends_on": [],
                    "primary": {
                        "id": "AmazonEKSWorkerRole",
                        "attributes": {
                            "arn": "arn:aws:iam::413230511243:role/AmazonEKSWorkerRole",
                            "assume_role_policy": "{\"Version\":\"2012-10-17\",\"Statement\":[{\"Effect\":\"Allow\",\"Principal\":{\"Service\":\"ec2.amazonaws.com\"},\"Action\":\"sts:AssumeRole\"}]}",
                            "create_date": "2018-10-15T04:08:48Z",
                            "description": "",
                            "force_detach_policies": "false",
                            "id": "AmazonEKSWorkerRole",
                            "max_session_duration": "3600",
                            "name": "AmazonEKSWorkerRole",
                            "path": "/",
                            "unique_id": "AROAJEOETYFSIT4MYKYNI"
                        },
                        "meta": {},
                        "tainted": false
                    },
                    "deposed": [],
                    "provider": "provider.aws"
                },
                "aws_iam_role_policy_attachment.AmazonEKSRole_attach_1": {
                    "type": "aws_iam_role_policy_attachment",
                    "depends_on": [
                        "aws_iam_role.AmazonEKSRole"
                    ],
                    "primary": {
                        "id": "AmazonEKSControlRole-20181015040848965200000003",
                        "attributes": {
                            "id": "AmazonEKSControlRole-20181015040848965200000003",
                            "policy_arn": "arn:aws:iam::aws:policy/AmazonEC2ContainerRegistryFullAccess",
                            "role": "AmazonEKSControlRole"
                        },
                        "meta": {},
                        "tainted": false
                    },
                    "deposed": [],
                    "provider": "provider.aws"
                },
                "aws_iam_role_policy_attachment.AmazonEKSRole_attach_2": {
                    "type": "aws_iam_role_policy_attachment",
                    "depends_on": [
                        "aws_iam_role.AmazonEKSRole"
                    ],
                    "primary": {
                        "id": "AmazonEKSControlRole-20181015040848988700000006",
                        "attributes": {
                            "id": "AmazonEKSControlRole-20181015040848988700000006",
                            "policy_arn": "arn:aws:iam::aws:policy/AmazonS3FullAccess",
                            "role": "AmazonEKSControlRole"
                        },
                        "meta": {},
                        "tainted": false
                    },
                    "deposed": [],
                    "provider": "provider.aws"
                },
                "aws_iam_role_policy_attachment.AmazonEKSRole_attach_3": {
                    "type": "aws_iam_role_policy_attachment",
                    "depends_on": [
                        "aws_iam_role.AmazonEKSRole"
                    ],
                    "primary": {
                        "id": "AmazonEKSControlRole-20181015040849366200000009",
                        "attributes": {
                            "id": "AmazonEKSControlRole-20181015040849366200000009",
                            "policy_arn": "arn:aws:iam::aws:policy/CloudFrontFullAccess",
                            "role": "AmazonEKSControlRole"
                        },
                        "meta": {},
                        "tainted": false
                    },
                    "deposed": [],
                    "provider": "provider.aws"
                },
                "aws_iam_role_policy_attachment.AmazonEKSRole_attach_4": {
                    "type": "aws_iam_role_policy_attachment",
                    "depends_on": [
                        "aws_iam_role.AmazonEKSRole"
                    ],
                    "primary": {
                        "id": "AmazonEKSControlRole-2018101504084943530000000a",
                        "attributes": {
                            "id": "AmazonEKSControlRole-2018101504084943530000000a",
                            "policy_arn": "arn:aws:iam::aws:policy/AmazonEC2FullAccess",
                            "role": "AmazonEKSControlRole"
                        },
                        "meta": {},
                        "tainted": false
                    },
                    "deposed": [],
                    "provider": "provider.aws"
                },
                "aws_iam_role_policy_attachment.AmazonEKSRole_attach_5": {
                    "type": "aws_iam_role_policy_attachment",
                    "depends_on": [
                        "aws_iam_role.AmazonEKSRole"
                    ],
                    "primary": {
                        "id": "AmazonEKSControlRole-20181015040849109900000008",
                        "attributes": {
                            "id": "AmazonEKSControlRole-20181015040849109900000008",
                            "policy_arn": "arn:aws:iam::aws:policy/AmazonEKSServicePolicy",
                            "role": "AmazonEKSControlRole"
                        },
                        "meta": {},
                        "tainted": false
                    },
                    "deposed": [],
                    "provider": "provider.aws"
                },
                "aws_iam_role_policy_attachment.AmazonEKSRole_attach_6": {
                    "type": "aws_iam_role_policy_attachment",
                    "depends_on": [
                        "aws_iam_role.AmazonEKSRole"
                    ],
                    "primary": {
                        "id": "AmazonEKSControlRole-2018101504084946500000000c",
                        "attributes": {
                            "id": "AmazonEKSControlRole-2018101504084946500000000c",
                            "policy_arn": "arn:aws:iam::aws:policy/AmazonEKSClusterPolicy",
                            "role": "AmazonEKSControlRole"
                        },
                        "meta": {},
                        "tainted": false
                    },
                    "deposed": [],
                    "provider": "provider.aws"
                },
                "aws_iam_role_policy_attachment.AmazonEKSRole_attach_7": {
                    "type": "aws_iam_role_policy_attachment",
                    "depends_on": [
                        "aws_iam_role.AmazonEKSRole"
                    ],
                    "primary": {
                        "id": "AmazonEKSControlRole-2018101504084943640000000b",
                        "attributes": {
                            "id": "AmazonEKSControlRole-2018101504084943640000000b",
                            "policy_arn": "arn:aws:iam::aws:policy/AmazonRoute53FullAccess",
                            "role": "AmazonEKSControlRole"
                        },
                        "meta": {},
                        "tainted": false
                    },
                    "deposed": [],
                    "provider": "provider.aws"
                },
                "aws_iam_role_policy_attachment.AmazonEKSWorkerNode_attach_1": {
                    "type": "aws_iam_role_policy_attachment",
                    "depends_on": [
                        "aws_iam_role.AmazonEKSWorkerNode"
                    ],
                    "primary": {
                        "id": "AmazonEKSWorkerRole-20181015040848982300000005",
                        "attributes": {
                            "id": "AmazonEKSWorkerRole-20181015040848982300000005",
                            "policy_arn": "arn:aws:iam::aws:policy/AmazonEKSWorkerNodePolicy",
                            "role": "AmazonEKSWorkerRole"
                        },
                        "meta": {},
                        "tainted": false
                    },
                    "deposed": [],
                    "provider": "provider.aws"
                },
                "aws_iam_role_policy_attachment.AmazonEKSWorkerNode_attach_2": {
                    "type": "aws_iam_role_policy_attachment",
                    "depends_on": [
                        "aws_iam_role.AmazonEKSWorkerNode"
                    ],
                    "primary": {
                        "id": "AmazonEKSWorkerRole-20181015040848954500000002",
                        "attributes": {
                            "id": "AmazonEKSWorkerRole-20181015040848954500000002",
                            "policy_arn": "arn:aws:iam::aws:policy/AmazonEKS_CNI_Policy",
                            "role": "AmazonEKSWorkerRole"
                        },
                        "meta": {},
                        "tainted": false
                    },
                    "deposed": [],
                    "provider": "provider.aws"
                },
                "aws_iam_role_policy_attachment.AmazonEKSWorkerNode_attach_3": {
                    "type": "aws_iam_role_policy_attachment",
                    "depends_on": [
                        "aws_iam_role.AmazonEKSWorkerNode"
                    ],
                    "primary": {
                        "id": "AmazonEKSWorkerRole-20181015040848969500000004",
                        "attributes": {
                            "id": "AmazonEKSWorkerRole-20181015040848969500000004",
                            "policy_arn": "arn:aws:iam::aws:policy/AmazonEC2ContainerRegistryReadOnly",
                            "role": "AmazonEKSWorkerRole"
                        },
                        "meta": {},
                        "tainted": false
                    },
                    "deposed": [],
                    "provider": "provider.aws"
                },
                "aws_iam_role_policy_attachment.AmazonEKSWorkerNode_attach_4": {
                    "type": "aws_iam_role_policy_attachment",
                    "depends_on": [
                        "aws_iam_role.AmazonEKSWorkerNode"
                    ],
                    "primary": {
                        "id": "AmazonEKSWorkerRole-20181015040848994300000007",
                        "attributes": {
                            "id": "AmazonEKSWorkerRole-20181015040848994300000007",
                            "policy_arn": "arn:aws:iam::aws:policy/AmazonEC2ContainerRegistryFullAccess",
                            "role": "AmazonEKSWorkerRole"
                        },
                        "meta": {},
                        "tainted": false
                    },
                    "deposed": [],
                    "provider": "provider.aws"
                },
                "aws_iam_role_policy_attachment.AmazonEKSWorkerNode_attach_5": {
                    "type": "aws_iam_role_policy_attachment",
                    "depends_on": [
                        "aws_iam_role.AmazonEKSWorkerNode"
                    ],
                    "primary": {
                        "id": "AmazonEKSWorkerRole-20181015040848946200000001",
                        "attributes": {
                            "id": "AmazonEKSWorkerRole-20181015040848946200000001",
                            "policy_arn": "arn:aws:iam::aws:policy/AmazonRoute53FullAccess",
                            "role": "AmazonEKSWorkerRole"
                        },
                        "meta": {},
                        "tainted": false
                    },
                    "deposed": [],
                    "provider": "provider.aws"
                },
                "aws_iam_role_policy_attachment.AmazonEKSWorkerNode_attach_6": {
                    "type": "aws_iam_role_policy_attachment",
                    "depends_on": [
                        "aws_iam_role.AmazonEKSWorkerNode"
                    ],
                    "primary": {
                        "id": "AmazonEKSWorkerRole-20181015041156176900000001",
                        "attributes": {
                            "id": "AmazonEKSWorkerRole-20181015041156176900000001",
                            "policy_arn": "arn:aws:iam::413230511243:policy/alb-ingress-controller",
                            "role": "AmazonEKSWorkerRole"
                        },
                        "meta": {},
                        "tainted": false
                    },
                    "deposed": [],
                    "provider": "provider.aws"
                },
                "aws_internet_gateway.default": {
                    "type": "aws_internet_gateway",
                    "depends_on": [
                        "aws_vpc.default"
                    ],
                    "primary": {
                        "id": "igw-00151f638cb9aad90",
                        "attributes": {
                            "id": "igw-00151f638cb9aad90",
                            "tags.%": "0",
                            "vpc_id": "vpc-034c66ad03cec7da9"
                        },
                        "meta": {},
                        "tainted": false
                    },
                    "deposed": [],
                    "provider": "provider.aws"
                },
                "aws_launch_configuration.hdb-eks": {
                    "type": "aws_launch_configuration",
                    "depends_on": [
                        "aws_security_group.hdb_admin",
                        "aws_security_group.hdb_eks_wrkr",
                        "aws_security_group.hdb_www_server",
                        "local.hdb_eks_wrkr-userdata"
                    ],
                    "primary": {
                        "id": "hdb-eks20181015042345327900000001",
                        "attributes": {
                            "associate_public_ip_address": "true",
                            "ebs_block_device.#": "0",
                            "ebs_optimized": "false",
                            "enable_monitoring": "true",
                            "ephemeral_block_device.#": "0",
                            "iam_instance_profile": "hdb-eks-worker",
                            "id": "hdb-eks20181015042345327900000001",
                            "image_id": "ami-048486555686d18a0",
                            "instance_type": "m4.large",
                            "key_name": "humandb01",
                            "name": "hdb-eks20181015042345327900000001",
                            "name_prefix": "hdb-eks",
                            "root_block_device.#": "0",
                            "security_groups.#": "3",
                            "security_groups.1074946572": "sg-0249bcbdbd7171e38",
                            "security_groups.1980061683": "sg-0a73c7dbd541e714b",
                            "security_groups.322967542": "sg-0c998e6ad1bc58fef",
                            "spot_price": "",
                            "user_data_base64": "IyEvYmluL2Jhc2ggLXhlCgpDQV9DRVJUSUZJQ0FURV9ESVJFQ1RPUlk9L2V0Yy9rdWJlcm5ldGVzL3BraQpDQV9DRVJUSUZJQ0FURV9GSUxFX1BBVEg9JENBX0NFUlRJRklDQVRFX0RJUkVDVE9SWS9jYS5jcnQKbWtkaXIgLXAgJENBX0NFUlRJRklDQVRFX0RJUkVDVE9SWQpNT0RFTF9ESVJFQ1RPUllfUEFUSD1+Ly5hd3MvZWtzCk1PREVMX0ZJTEVfUEFUSD0kTU9ERUxfRElSRUNUT1JZX1BBVEgvZWtzLTIwMTctMTEtMDEubm9ybWFsLmpzb24KbWtkaXIgLXAgJENBX0NFUlRJRklDQVRFX0RJUkVDVE9SWQpta2RpciAtcCAkTU9ERUxfRElSRUNUT1JZX1BBVEgKY3VybCAtbyAkTU9ERUxfRklMRV9QQVRIIGh0dHBzOi8vczMtdXMtd2VzdC0yLmFtYXpvbmF3cy5jb20vYW1hem9uLWVrcy8xLjEwLjMvMjAxOC0wNi0wNS9la3MtMjAxNy0xMS0wMS5ub3JtYWwuanNvbgphd3MgY29uZmlndXJlIGFkZC1tb2RlbCAtLXNlcnZpY2UtbW9kZWwgZmlsZTovLyRNT0RFTF9GSUxFX1BBVEggLS1zZXJ2aWNlLW5hbWUgZWtzCmF3cyBla3MgZGVzY3JpYmUtY2x1c3RlciAtLXJlZ2lvbj11cy1lYXN0LTEgLS1uYW1lPWh1bWFuZGItMDEgLS1xdWVyeSAnY2x1c3Rlci57Y2VydGlmaWNhdGVBdXRob3JpdHlEYXRhOiBjZXJ0aWZpY2F0ZUF1dGhvcml0eS5kYXRhLCBlbmRwb2ludDogZW5kcG9pbnR9JyA+IC90bXAvZGVzY3JpYmVfY2x1c3Rlcl9yZXN1bHQuanNvbgpjYXQgL3RtcC9kZXNjcmliZV9jbHVzdGVyX3Jlc3VsdC5qc29uIHwgZ3JlcCBjZXJ0aWZpY2F0ZUF1dGhvcml0eURhdGEgfCBhd2sgJ3twcmludCAkMn0nIHwgc2VkICdzL1ssIl0vL2cnIHwgYmFzZTY0IC1kID4gICRDQV9DRVJUSUZJQ0FURV9GSUxFX1BBVEgKZWNobyAiTFMwdExTMUNSVWRKVGlCRFJWSlVTVVpKUTBGVVJTMHRMUzB0Q2sxSlNVTjVSRU5EUVdKRFowRjNTVUpCWjBsQ1FVUkJUa0puYTNGb2EybEhPWGN3UWtGUmMwWkJSRUZXVFZKTmQwVlJXVVJXVVZGRVJYZHdjbVJYU213S1kyMDFiR1JIVm5wTlFqUllSRlJGTkUxVVFYaE9WRUV3VFdwRmVrOUdiMWhFVkVrMFRWUkJlRTFxUVRCTmFrVjZUMFp2ZDBaVVJWUk5Ra1ZIUVRGVlJRcEJlRTFMWVROV2FWcFlTblZhV0ZKc1kzcERRMEZUU1hkRVVWbEtTMjlhU1doMlkwNUJVVVZDUWxGQlJHZG5SVkJCUkVORFFWRnZRMmRuUlVKQlRXVlBDbTF2Uldwa1VVZGhPR0o2Vm5nMFUwNUdUMjlpUVhScVZsUmtSSEZ4UVU1U2NHRllaV0ZoYlZodmFVWlhURkF4Y0VSWVIwOVdNRk5TY2xwSlNVSmtNSEFLU0VGUlV6UjBSVnBHUlZSSmJWWmFhVmxTUWtGNmVGcEZWekk1Wm05NGRsVkxjVWgyU2xFeVQySXhjVXBLUjBWalZVeGphR3MzV0hwNmREQkxOR0YyVFFwRGRrMU5iRWxDUW04NGNXNUhhVU5DVDFKUGVrVTVNREo0UVhwcldXUlZZVFJaVDFvclMyMVJSRVIwT0dwVEsyZHRUU3MxZHpnMmVrZEtaemcxYjA5bkNtNXdTVlp6Um5GeU5UaG1TVTgxVXpoNWMzTllOVVpzZG5wcVEzUnRORk4yVUhBMFkzazRiRlZxS3psSVVXSldWa1F2YzBaT1QxcDJNbTFYY25OaGIxY0tZbGh1VVRkcEsxVXdabGhCVlZWUk0yWlNSVUpNTjA4eFVsaEhOelJ3VjJOQ2N6UkVabXA2UW1OWFF5dElTVlEwZVdGYU0zRk1MMmgxT1ZCdFluTXlOd3BXTXk5bmVUZHJjVlZaTWpGUVkwc3dabEU0UTBGM1JVRkJZVTFxVFVORmQwUm5XVVJXVWpCUVFWRklMMEpCVVVSQlowdHJUVUU0UjBFeFZXUkZkMFZDQ2k5M1VVWk5RVTFDUVdZNGQwUlJXVXBMYjFwSmFIWmpUa0ZSUlV4Q1VVRkVaMmRGUWtGTFVGQmhaSEYxYjFSQmIyUjViRXdyZEhZNU5WbElhbTlpUTJzS2JWZFlTVkUxYW1KUWEwVk5ialJ5U0hNM1VYWXlNSHBYVUZwaFFVbFZTREF6ZG1rd1VHdE9ZMFJHVmxSV2NHOVRRbkkyV25Ndk1FWnpNVkJVUWtoWGRncE5NV1pWWjFSb1JHMVZkMFJxV1c1QlRVNXVjR3hyUW5GRlprVkNjaXR5UkhGVE16ZEpPRFZSTkZGVVVHMWlabmxNYzBnelluZHRUSFpNVEU5Mk1VOUJDazFpT1dwc1JIZG5aSE5MYm01bWJYZzBVMUY0ZEU4cmVVSm5SRVJaZFRONWRuUnJLMVJ5Um1kTlVpdEZRVXBEY1VSUEwyVnpiSEV6Y0M5Wk9EZHBOMklLV2pWcGJqbGFjVU0xZDNKdmFUZGhRbGhRWVcxRGRqUTRWMHgyT1VsSk9WSXlWVTF1WTI1dUx6VkpNWFk0VWtseWJVRnJhMEZKYzA5U1lXTmtkVVpvVWdwbFNURmxjbmhoYzI5TFNXWndhMkZhVW5Fd2RGRmFVelJxZFhoVWQyVjFTbEZDVDI5d0szZ3llRlpVUkZCSFFsQlBWWE5YYTJVeVdYRkliejBLTFMwdExTMUZUa1FnUTBWU1ZFbEdTVU5CVkVVdExTMHRMUW89IiB8IGJhc2U2NCAtZCA+ICAkQ0FfQ0VSVElGSUNBVEVfRklMRV9QQVRICk1BU1RFUl9FTkRQT0lOVD0kKGNhdCAvdG1wL2Rlc2NyaWJlX2NsdXN0ZXJfcmVzdWx0Lmpzb24gfCBncmVwIGVuZHBvaW50IHwgYXdrICd7cHJpbnQgJDJ9JyB8IHNlZCAncy9bLCJdLy9nJykKSU5URVJOQUxfSVA9JChjdXJsIC1zIGh0dHA6Ly8xNjkuMjU0LjE2OS4yNTQvbGF0ZXN0L21ldGEtZGF0YS9sb2NhbC1pcHY0KQpzZWQgLWkgcyxNQVNURVJfRU5EUE9JTlQsaHR0cHM6Ly8zNDVGOEJBQkNBQjdDQkU5ODczNTIwQzI1ODdFQUI0QS55bDQudXMtZWFzdC0xLmVrcy5hbWF6b25hd3MuY29tLGcgL3Zhci9saWIva3ViZWxldC9rdWJlY29uZmlnCnNlZCAtaSBzLENMVVNURVJfTkFNRSxodW1hbmRiLTAxLGcgL3Zhci9saWIva3ViZWxldC9rdWJlY29uZmlnCnNlZCAtaSBzLFJFR0lPTix1cy1lYXN0LTEsZyAvZXRjL3N5c3RlbWQvc3lzdGVtL2t1YmVsZXQuc2VydmljZQpzZWQgLWkgcyxNQVhfUE9EUywyMCxnIC9ldGMvc3lzdGVtZC9zeXN0ZW0va3ViZWxldC5zZXJ2aWNlCnNlZCAtaSBzLE1BU1RFUl9FTkRQT0lOVCxodHRwczovLzM0NUY4QkFCQ0FCN0NCRTk4NzM1MjBDMjU4N0VBQjRBLnlsNC51cy1lYXN0LTEuZWtzLmFtYXpvbmF3cy5jb20sZyAvZXRjL3N5c3RlbWQvc3lzdGVtL2t1YmVsZXQuc2VydmljZQpzZWQgLWkgcyxJTlRFUk5BTF9JUCwkSU5URVJOQUxfSVAsZyAvZXRjL3N5c3RlbWQvc3lzdGVtL2t1YmVsZXQuc2VydmljZQpETlNfQ0xVU1RFUl9JUD0xMC4xMDAuMC4xMAppZiBbWyAkSU5URVJOQUxfSVAgPT0gMTAuKiBdXSA7IHRoZW4gRE5TX0NMVVNURVJfSVA9MTcyLjIwLjAuMTA7IGZpCnNlZCAtaSBzLEROU19DTFVTVEVSX0lQLCRETlNfQ0xVU1RFUl9JUCxnIC9ldGMvc3lzdGVtZC9zeXN0ZW0va3ViZWxldC5zZXJ2aWNlCnNlZCAtaSBzLENFUlRJRklDQVRFX0FVVEhPUklUWV9GSUxFLCRDQV9DRVJUSUZJQ0FURV9GSUxFX1BBVEgsZyAvdmFyL2xpYi9rdWJlbGV0L2t1YmVjb25maWcKc2VkIC1pIHMsQ0xJRU5UX0NBX0ZJTEUsJENBX0NFUlRJRklDQVRFX0ZJTEVfUEFUSCxnICAvZXRjL3N5c3RlbWQvc3lzdGVtL2t1YmVsZXQuc2VydmljZQpzeXN0ZW1jdGwgZGFlbW9uLXJlbG9hZApzeXN0ZW1jdGwgcmVzdGFydCBrdWJlbGV0CndnZXQgaHR0cHM6Ly9zMy5hbWF6b25hd3MuY29tL2FtYXpvbmNsb3Vkd2F0Y2gtYWdlbnQvbGludXgvYW1kNjQvbGF0ZXN0L0FtYXpvbkNsb3VkV2F0Y2hBZ2VudC56aXAKdW56aXAgQW1hem9uQ2xvdWRXYXRjaEFnZW50LnppcApzdWRvIC4vaW5zdGFsbC5zaAphd3MgY29uZmlndXJlIHNldCByZWdpb24gdXMtZWFzdC0xIC0tcHJvZmlsZSBBbWF6b25DbG91ZFdhdGNoQWdlbnQKc3VkbyAvb3B0L2F3cy9hbWF6b24tY2xvdWR3YXRjaC1hZ2VudC9iaW4vYW1hem9uLWNsb3Vkd2F0Y2gtYWdlbnQtY3RsIC1hIGZldGNoLWNvbmZpZyAtbSBlYzIgLWMgc3NtOkFtYXpvbkNsb3VkV2F0Y2gtbGludXggLXMK",
                            "vpc_classic_link_id": "",
                            "vpc_classic_link_security_groups.#": "0"
                        },
                        "meta": {},
                        "tainted": false
                    },
                    "deposed": [],
                    "provider": "provider.aws"
                },
                "aws_route_table.us-east-1": {
                    "type": "aws_route_table",
                    "depends_on": [
                        "aws_internet_gateway.default",
                        "aws_vpc.default"
                    ],
                    "primary": {
                        "id": "rtb-0ced28551f008ae99",
                        "attributes": {
                            "id": "rtb-0ced28551f008ae99",
                            "propagating_vgws.#": "0",
                            "route.#": "1",
                            "route.2960249822.cidr_block": "0.0.0.0/0",
                            "route.2960249822.egress_only_gateway_id": "",
                            "route.2960249822.gateway_id": "igw-00151f638cb9aad90",
                            "route.2960249822.instance_id": "",
                            "route.2960249822.ipv6_cidr_block": "",
                            "route.2960249822.nat_gateway_id": "",
                            "route.2960249822.network_interface_id": "",
                            "route.2960249822.vpc_peering_connection_id": "",
                            "tags.%": "1",
                            "tags.Name": "hdb eks Public RouteTable",
                            "vpc_id": "vpc-034c66ad03cec7da9"
                        },
                        "meta": {},
                        "tainted": false
                    },
                    "deposed": [],
                    "provider": "provider.aws"
                },
                "aws_route_table_association.us-east-1a-public": {
                    "type": "aws_route_table_association",
                    "depends_on": [
                        "aws_route_table.us-east-1",
                        "aws_subnet.us-east-1a-public"
                    ],
                    "primary": {
                        "id": "rtbassoc-0015f70278bc70967",
                        "attributes": {
                            "id": "rtbassoc-0015f70278bc70967",
                            "route_table_id": "rtb-0ced28551f008ae99",
                            "subnet_id": "subnet-00ad2a9293087023b"
                        },
                        "meta": {},
                        "tainted": false
                    },
                    "deposed": [],
                    "provider": "provider.aws"
                },
                "aws_route_table_association.us-east-1b-public": {
                    "type": "aws_route_table_association",
                    "depends_on": [
                        "aws_route_table.us-east-1",
                        "aws_subnet.us-east-1b-public"
                    ],
                    "primary": {
                        "id": "rtbassoc-0bb81da459444796f",
                        "attributes": {
                            "id": "rtbassoc-0bb81da459444796f",
                            "route_table_id": "rtb-0ced28551f008ae99",
                            "subnet_id": "subnet-084b6a519280ac5e9"
                        },
                        "meta": {},
                        "tainted": false
                    },
                    "deposed": [],
                    "provider": "provider.aws"
                },
                "aws_route_table_association.us-east-1c-public": {
                    "type": "aws_route_table_association",
                    "depends_on": [
                        "aws_route_table.us-east-1",
                        "aws_subnet.us-east-1c-public"
                    ],
                    "primary": {
                        "id": "rtbassoc-0ed9c1271569a1dbb",
                        "attributes": {
                            "id": "rtbassoc-0ed9c1271569a1dbb",
                            "route_table_id": "rtb-0ced28551f008ae99",
                            "subnet_id": "subnet-0c35d9339389894a3"
                        },
                        "meta": {},
                        "tainted": false
                    },
                    "deposed": [],
                    "provider": "provider.aws"
                },
                "aws_route_table_association.us-east-1d-public": {
                    "type": "aws_route_table_association",
                    "depends_on": [
                        "aws_route_table.us-east-1",
                        "aws_subnet.us-east-1d-public"
                    ],
                    "primary": {
                        "id": "rtbassoc-022b917acf3711110",
                        "attributes": {
                            "id": "rtbassoc-022b917acf3711110",
                            "route_table_id": "rtb-0ced28551f008ae99",
                            "subnet_id": "subnet-0170db84466145aaf"
                        },
                        "meta": {},
                        "tainted": false
                    },
                    "deposed": [],
                    "provider": "provider.aws"
                },
                "aws_route_table_association.us-east-1e-public": {
                    "type": "aws_route_table_association",
                    "depends_on": [
                        "aws_route_table.us-east-1",
                        "aws_subnet.us-east-1e-public"
                    ],
                    "primary": {
                        "id": "rtbassoc-030676bebef6ac823",
                        "attributes": {
                            "id": "rtbassoc-030676bebef6ac823",
                            "route_table_id": "rtb-0ced28551f008ae99",
                            "subnet_id": "subnet-0e04f3f1296f28b97"
                        },
                        "meta": {},
                        "tainted": false
                    },
                    "deposed": [],
                    "provider": "provider.aws"
                },
                "aws_route_table_association.us-east-1f-public": {
                    "type": "aws_route_table_association",
                    "depends_on": [
                        "aws_route_table.us-east-1",
                        "aws_subnet.us-east-1f-public"
                    ],
                    "primary": {
                        "id": "rtbassoc-0195f0051d7071078",
                        "attributes": {
                            "id": "rtbassoc-0195f0051d7071078",
                            "route_table_id": "rtb-0ced28551f008ae99",
                            "subnet_id": "subnet-00a93427e26597f2c"
                        },
                        "meta": {},
                        "tainted": false
                    },
                    "deposed": [],
                    "provider": "provider.aws"
                },
                "aws_security_group.hdb_admin": {
                    "type": "aws_security_group",
                    "depends_on": [
                        "aws_vpc.default"
                    ],
                    "primary": {
                        "id": "sg-0a73c7dbd541e714b",
                        "attributes": {
                            "arn": "arn:aws:ec2:us-east-1:413230511243:security-group/sg-0a73c7dbd541e714b",
                            "description": "hdb Admin",
                            "egress.#": "1",
                            "egress.482069346.cidr_blocks.#": "1",
                            "egress.482069346.cidr_blocks.0": "0.0.0.0/0",
                            "egress.482069346.description": "",
                            "egress.482069346.from_port": "0",
                            "egress.482069346.ipv6_cidr_blocks.#": "0",
                            "egress.482069346.prefix_list_ids.#": "0",
                            "egress.482069346.protocol": "-1",
                            "egress.482069346.security_groups.#": "0",
                            "egress.482069346.self": "false",
                            "egress.482069346.to_port": "0",
                            "id": "sg-0a73c7dbd541e714b",
                            "ingress.#": "2",
                            "ingress.466543759.cidr_blocks.#": "2",
                            "ingress.466543759.cidr_blocks.0": "199.20.44.0/22",
                            "ingress.466543759.cidr_blocks.1": "199.20.36.1/32",
                            "ingress.466543759.description": "",
                            "ingress.466543759.from_port": "0",
                            "ingress.466543759.ipv6_cidr_blocks.#": "0",
                            "ingress.466543759.prefix_list_ids.#": "0",
                            "ingress.466543759.protocol": "-1",
                            "ingress.466543759.security_groups.#": "0",
                            "ingress.466543759.self": "false",
                            "ingress.466543759.to_port": "0",
                            "ingress.753360330.cidr_blocks.#": "0",
                            "ingress.753360330.description": "",
                            "ingress.753360330.from_port": "0",
                            "ingress.753360330.ipv6_cidr_blocks.#": "0",
                            "ingress.753360330.prefix_list_ids.#": "0",
                            "ingress.753360330.protocol": "-1",
                            "ingress.753360330.security_groups.#": "0",
                            "ingress.753360330.self": "true",
                            "ingress.753360330.to_port": "0",
                            "name": "hdb_admin",
                            "owner_id": "413230511243",
                            "revoke_rules_on_delete": "false",
                            "tags.%": "1",
                            "tags.Name": "hdb_Admin",
                            "vpc_id": "vpc-034c66ad03cec7da9"
                        },
                        "meta": {
                            "e2bfb730-ecaa-11e6-8f88-34363bc7c4c0": {
                                "create": 600000000000,
                                "delete": 600000000000
                            },
                            "schema_version": "1"
                        },
                        "tainted": false
                    },
                    "deposed": [],
                    "provider": "provider.aws"
                },
                "aws_security_group.hdb_eks_cp": {
                    "type": "aws_security_group",
                    "depends_on": [
                        "aws_security_group.hdb_eks_wrkr",
                        "aws_vpc.default"
                    ],
                    "primary": {
                        "id": "sg-082a5dc15885466fb",
                        "attributes": {
                            "arn": "arn:aws:ec2:us-east-1:413230511243:security-group/sg-082a5dc15885466fb",
                            "description": "hdb EKS Control Plane",
                            "egress.#": "1",
                            "egress.335104418.cidr_blocks.#": "0",
                            "egress.335104418.description": "",
                            "egress.335104418.from_port": "1025",
                            "egress.335104418.ipv6_cidr_blocks.#": "0",
                            "egress.335104418.prefix_list_ids.#": "0",
                            "egress.335104418.protocol": "tcp",
                            "egress.335104418.security_groups.#": "1",
                            "egress.335104418.security_groups.322967542": "sg-0c998e6ad1bc58fef",
                            "egress.335104418.self": "false",
                            "egress.335104418.to_port": "65535",
                            "id": "sg-082a5dc15885466fb",
                            "ingress.#": "3",
                            "ingress.1998220675.cidr_blocks.#": "0",
                            "ingress.1998220675.description": "",
                            "ingress.1998220675.from_port": "443",
                            "ingress.1998220675.ipv6_cidr_blocks.#": "0",
                            "ingress.1998220675.prefix_list_ids.#": "0",
                            "ingress.1998220675.protocol": "tcp",
                            "ingress.1998220675.security_groups.#": "1",
                            "ingress.1998220675.security_groups.322967542": "sg-0c998e6ad1bc58fef",
                            "ingress.1998220675.self": "false",
                            "ingress.1998220675.to_port": "443",
                            "ingress.466543759.cidr_blocks.#": "2",
                            "ingress.466543759.cidr_blocks.0": "199.20.44.0/22",
                            "ingress.466543759.cidr_blocks.1": "199.20.36.1/32",
                            "ingress.466543759.description": "",
                            "ingress.466543759.from_port": "0",
                            "ingress.466543759.ipv6_cidr_blocks.#": "0",
                            "ingress.466543759.prefix_list_ids.#": "0",
                            "ingress.466543759.protocol": "-1",
                            "ingress.466543759.security_groups.#": "0",
                            "ingress.466543759.self": "false",
                            "ingress.466543759.to_port": "0",
                            "ingress.753360330.cidr_blocks.#": "0",
                            "ingress.753360330.description": "",
                            "ingress.753360330.from_port": "0",
                            "ingress.753360330.ipv6_cidr_blocks.#": "0",
                            "ingress.753360330.prefix_list_ids.#": "0",
                            "ingress.753360330.protocol": "-1",
                            "ingress.753360330.security_groups.#": "0",
                            "ingress.753360330.self": "true",
                            "ingress.753360330.to_port": "0",
                            "name": "hdb_eks_cp",
                            "owner_id": "413230511243",
                            "revoke_rules_on_delete": "false",
                            "tags.%": "1",
                            "tags.Name": "hdb_EKS_Cp",
                            "vpc_id": "vpc-034c66ad03cec7da9"
                        },
                        "meta": {
                            "e2bfb730-ecaa-11e6-8f88-34363bc7c4c0": {
                                "create": 600000000000,
                                "delete": 600000000000
                            },
                            "schema_version": "1"
                        },
                        "tainted": false
                    },
                    "deposed": [],
                    "provider": "provider.aws"
                },
                "aws_security_group.hdb_eks_wrkr": {
                    "type": "aws_security_group",
                    "depends_on": [
                        "aws_vpc.default"
                    ],
                    "primary": {
                        "id": "sg-0c998e6ad1bc58fef",
                        "attributes": {
                            "arn": "arn:aws:ec2:us-east-1:413230511243:security-group/sg-0c998e6ad1bc58fef",
                            "description": "hdb EKS Worker Nodes",
                            "egress.#": "1",
                            "egress.482069346.cidr_blocks.#": "1",
                            "egress.482069346.cidr_blocks.0": "0.0.0.0/0",
                            "egress.482069346.description": "",
                            "egress.482069346.from_port": "0",
                            "egress.482069346.ipv6_cidr_blocks.#": "0",
                            "egress.482069346.prefix_list_ids.#": "0",
                            "egress.482069346.protocol": "-1",
                            "egress.482069346.security_groups.#": "0",
                            "egress.482069346.self": "false",
                            "egress.482069346.to_port": "0",
                            "id": "sg-0c998e6ad1bc58fef",
                            "ingress.#": "2",
                            "ingress.2278689831.cidr_blocks.#": "0",
                            "ingress.2278689831.description": "Allow node to communicate with each other",
                            "ingress.2278689831.from_port": "0",
                            "ingress.2278689831.ipv6_cidr_blocks.#": "0",
                            "ingress.2278689831.prefix_list_ids.#": "0",
                            "ingress.2278689831.protocol": "-1",
                            "ingress.2278689831.security_groups.#": "0",
                            "ingress.2278689831.self": "true",
                            "ingress.2278689831.to_port": "0",
                            "ingress.993113798.cidr_blocks.#": "0",
                            "ingress.993113798.description": "Allow worker Kubelets and pods to receive communication from the cluster control plane",
                            "ingress.993113798.from_port": "1025",
                            "ingress.993113798.ipv6_cidr_blocks.#": "0",
                            "ingress.993113798.prefix_list_ids.#": "0",
                            "ingress.993113798.protocol": "tcp",
                            "ingress.993113798.security_groups.#": "1",
                            "ingress.993113798.security_groups.2638719137": "sg-082a5dc15885466fb",
                            "ingress.993113798.self": "false",
                            "ingress.993113798.to_port": "65535",
                            "name": "hdb_eks_wrkr",
                            "owner_id": "413230511243",
                            "revoke_rules_on_delete": "false",
                            "tags.%": "2",
                            "tags.Name": "hdb_EKS_Wkr",
                            "tags.kubernetes.io/cluster/humandb-01": "owned",
                            "vpc_id": "vpc-034c66ad03cec7da9"
                        },
                        "meta": {
                            "e2bfb730-ecaa-11e6-8f88-34363bc7c4c0": {
                                "create": 600000000000,
                                "delete": 600000000000
                            },
                            "schema_version": "1"
                        },
                        "tainted": false
                    },
                    "deposed": [],
                    "provider": "provider.aws"
                },
                "aws_security_group.hdb_www_all": {
                    "type": "aws_security_group",
                    "depends_on": [
                        "aws_vpc.default"
                    ],
                    "primary": {
                        "id": "sg-01bf2d03bf04dc337",
                        "attributes": {
                            "arn": "arn:aws:ec2:us-east-1:413230511243:security-group/sg-01bf2d03bf04dc337",
                            "description": "hdb www-all",
                            "egress.#": "1",
                            "egress.482069346.cidr_blocks.#": "1",
                            "egress.482069346.cidr_blocks.0": "0.0.0.0/0",
                            "egress.482069346.description": "",
                            "egress.482069346.from_port": "0",
                            "egress.482069346.ipv6_cidr_blocks.#": "0",
                            "egress.482069346.prefix_list_ids.#": "0",
                            "egress.482069346.protocol": "-1",
                            "egress.482069346.security_groups.#": "0",
                            "egress.482069346.self": "false",
                            "egress.482069346.to_port": "0",
                            "id": "sg-01bf2d03bf04dc337",
                            "ingress.#": "2",
                            "ingress.2214680975.cidr_blocks.#": "1",
                            "ingress.2214680975.cidr_blocks.0": "0.0.0.0/0",
                            "ingress.2214680975.description": "",
                            "ingress.2214680975.from_port": "80",
                            "ingress.2214680975.ipv6_cidr_blocks.#": "0",
                            "ingress.2214680975.prefix_list_ids.#": "0",
                            "ingress.2214680975.protocol": "tcp",
                            "ingress.2214680975.security_groups.#": "0",
                            "ingress.2214680975.self": "false",
                            "ingress.2214680975.to_port": "80",
                            "ingress.2617001939.cidr_blocks.#": "1",
                            "ingress.2617001939.cidr_blocks.0": "0.0.0.0/0",
                            "ingress.2617001939.description": "",
                            "ingress.2617001939.from_port": "443",
                            "ingress.2617001939.ipv6_cidr_blocks.#": "0",
                            "ingress.2617001939.prefix_list_ids.#": "0",
                            "ingress.2617001939.protocol": "tcp",
                            "ingress.2617001939.security_groups.#": "0",
                            "ingress.2617001939.self": "false",
                            "ingress.2617001939.to_port": "443",
                            "name": "hdb_www_all",
                            "owner_id": "413230511243",
                            "revoke_rules_on_delete": "false",
                            "tags.%": "1",
                            "tags.Name": "hdb_www_all",
                            "vpc_id": "vpc-034c66ad03cec7da9"
                        },
                        "meta": {
                            "e2bfb730-ecaa-11e6-8f88-34363bc7c4c0": {
                                "create": 600000000000,
                                "delete": 600000000000
                            },
                            "schema_version": "1"
                        },
                        "tainted": false
                    },
                    "deposed": [],
                    "provider": "provider.aws"
                },
                "aws_security_group.hdb_www_server": {
                    "type": "aws_security_group",
                    "depends_on": [
                        "aws_security_group.hdb_www_all",
                        "aws_vpc.default"
                    ],
                    "primary": {
                        "id": "sg-0249bcbdbd7171e38",
                        "attributes": {
                            "arn": "arn:aws:ec2:us-east-1:413230511243:security-group/sg-0249bcbdbd7171e38",
                            "description": "hdb www-server",
                            "egress.#": "1",
                            "egress.482069346.cidr_blocks.#": "1",
                            "egress.482069346.cidr_blocks.0": "0.0.0.0/0",
                            "egress.482069346.description": "",
                            "egress.482069346.from_port": "0",
                            "egress.482069346.ipv6_cidr_blocks.#": "0",
                            "egress.482069346.prefix_list_ids.#": "0",
                            "egress.482069346.protocol": "-1",
                            "egress.482069346.security_groups.#": "0",
                            "egress.482069346.self": "false",
                            "egress.482069346.to_port": "0",
                            "id": "sg-0249bcbdbd7171e38",
                            "ingress.#": "3",
                            "ingress.3171050791.cidr_blocks.#": "0",
                            "ingress.3171050791.description": "",
                            "ingress.3171050791.from_port": "80",
                            "ingress.3171050791.ipv6_cidr_blocks.#": "0",
                            "ingress.3171050791.prefix_list_ids.#": "0",
                            "ingress.3171050791.protocol": "tcp",
                            "ingress.3171050791.security_groups.#": "1",
                            "ingress.3171050791.security_groups.2203593630": "sg-01bf2d03bf04dc337",
                            "ingress.3171050791.self": "false",
                            "ingress.3171050791.to_port": "80",
                            "ingress.50110667.cidr_blocks.#": "0",
                            "ingress.50110667.description": "",
                            "ingress.50110667.from_port": "3001",
                            "ingress.50110667.ipv6_cidr_blocks.#": "0",
                            "ingress.50110667.prefix_list_ids.#": "0",
                            "ingress.50110667.protocol": "tcp",
                            "ingress.50110667.security_groups.#": "1",
                            "ingress.50110667.security_groups.2203593630": "sg-01bf2d03bf04dc337",
                            "ingress.50110667.self": "false",
                            "ingress.50110667.to_port": "3001",
                            "ingress.887332053.cidr_blocks.#": "0",
                            "ingress.887332053.description": "",
                            "ingress.887332053.from_port": "443",
                            "ingress.887332053.ipv6_cidr_blocks.#": "0",
                            "ingress.887332053.prefix_list_ids.#": "0",
                            "ingress.887332053.protocol": "tcp",
                            "ingress.887332053.security_groups.#": "1",
                            "ingress.887332053.security_groups.2203593630": "sg-01bf2d03bf04dc337",
                            "ingress.887332053.self": "false",
                            "ingress.887332053.to_port": "443",
                            "name": "hdb_www_server",
                            "owner_id": "413230511243",
                            "revoke_rules_on_delete": "false",
                            "tags.%": "1",
                            "tags.Name": "hdb_www_server",
                            "vpc_id": "vpc-034c66ad03cec7da9"
                        },
                        "meta": {
                            "e2bfb730-ecaa-11e6-8f88-34363bc7c4c0": {
                                "create": 600000000000,
                                "delete": 600000000000
                            },
                            "schema_version": "1"
                        },
                        "tainted": false
                    },
                    "deposed": [],
                    "provider": "provider.aws"
                },
                "aws_subnet.us-east-1a-public": {
                    "type": "aws_subnet",
                    "depends_on": [
                        "aws_vpc.default"
                    ],
                    "primary": {
                        "id": "subnet-00ad2a9293087023b",
                        "attributes": {
                            "arn": "arn:aws:ec2:us-east-1:413230511243:subnet/subnet-00ad2a9293087023b",
                            "assign_ipv6_address_on_creation": "false",
                            "availability_zone": "us-east-1a",
                            "cidr_block": "10.11.1.0/24",
                            "id": "subnet-00ad2a9293087023b",
                            "map_public_ip_on_launch": "true",
                            "tags.%": "2",
                            "tags.Name": "hdb eks Subnet1a",
                            "tags.kubernetes.io/cluster/${var.eks-cluster-name}": "",
                            "vpc_id": "vpc-034c66ad03cec7da9"
                        },
                        "meta": {
                            "e2bfb730-ecaa-11e6-8f88-34363bc7c4c0": {
                                "create": 600000000000,
                                "delete": 600000000000
                            },
                            "schema_version": "1"
                        },
                        "tainted": false
                    },
                    "deposed": [],
                    "provider": "provider.aws"
                },
                "aws_subnet.us-east-1b-public": {
                    "type": "aws_subnet",
                    "depends_on": [
                        "aws_vpc.default"
                    ],
                    "primary": {
                        "id": "subnet-084b6a519280ac5e9",
                        "attributes": {
                            "arn": "arn:aws:ec2:us-east-1:413230511243:subnet/subnet-084b6a519280ac5e9",
                            "assign_ipv6_address_on_creation": "false",
                            "availability_zone": "us-east-1b",
                            "cidr_block": "10.11.2.0/24",
                            "id": "subnet-084b6a519280ac5e9",
                            "map_public_ip_on_launch": "true",
                            "tags.%": "2",
                            "tags.Name": "hdb eks Subnet1b",
                            "tags.kubernetes.io/cluster/${var.eks-cluster-name}": "",
                            "vpc_id": "vpc-034c66ad03cec7da9"
                        },
                        "meta": {
                            "e2bfb730-ecaa-11e6-8f88-34363bc7c4c0": {
                                "create": 600000000000,
                                "delete": 600000000000
                            },
                            "schema_version": "1"
                        },
                        "tainted": false
                    },
                    "deposed": [],
                    "provider": "provider.aws"
                },
                "aws_subnet.us-east-1c-public": {
                    "type": "aws_subnet",
                    "depends_on": [
                        "aws_vpc.default"
                    ],
                    "primary": {
                        "id": "subnet-0c35d9339389894a3",
                        "attributes": {
                            "arn": "arn:aws:ec2:us-east-1:413230511243:subnet/subnet-0c35d9339389894a3",
                            "assign_ipv6_address_on_creation": "false",
                            "availability_zone": "us-east-1c",
                            "cidr_block": "10.11.3.0/24",
                            "id": "subnet-0c35d9339389894a3",
                            "map_public_ip_on_launch": "true",
                            "tags.%": "2",
                            "tags.Name": "hdb eks Subnet1c",
                            "tags.kubernetes.io/cluster/${var.eks-cluster-name}": "",
                            "vpc_id": "vpc-034c66ad03cec7da9"
                        },
                        "meta": {
                            "e2bfb730-ecaa-11e6-8f88-34363bc7c4c0": {
                                "create": 600000000000,
                                "delete": 600000000000
                            },
                            "schema_version": "1"
                        },
                        "tainted": false
                    },
                    "deposed": [],
                    "provider": "provider.aws"
                },
                "aws_subnet.us-east-1d-public": {
                    "type": "aws_subnet",
                    "depends_on": [
                        "aws_vpc.default"
                    ],
                    "primary": {
                        "id": "subnet-0170db84466145aaf",
                        "attributes": {
                            "arn": "arn:aws:ec2:us-east-1:413230511243:subnet/subnet-0170db84466145aaf",
                            "assign_ipv6_address_on_creation": "false",
                            "availability_zone": "us-east-1d",
                            "cidr_block": "10.11.4.0/24",
                            "id": "subnet-0170db84466145aaf",
                            "map_public_ip_on_launch": "true",
                            "tags.%": "2",
                            "tags.Name": "hdb eks Subnet1d",
                            "tags.kubernetes.io/cluster/${var.eks-cluster-name}": "",
                            "vpc_id": "vpc-034c66ad03cec7da9"
                        },
                        "meta": {
                            "e2bfb730-ecaa-11e6-8f88-34363bc7c4c0": {
                                "create": 600000000000,
                                "delete": 600000000000
                            },
                            "schema_version": "1"
                        },
                        "tainted": false
                    },
                    "deposed": [],
                    "provider": "provider.aws"
                },
                "aws_subnet.us-east-1e-public": {
                    "type": "aws_subnet",
                    "depends_on": [
                        "aws_vpc.default"
                    ],
                    "primary": {
                        "id": "subnet-0e04f3f1296f28b97",
                        "attributes": {
                            "arn": "arn:aws:ec2:us-east-1:413230511243:subnet/subnet-0e04f3f1296f28b97",
                            "assign_ipv6_address_on_creation": "false",
                            "availability_zone": "us-east-1e",
                            "cidr_block": "10.11.5.0/24",
                            "id": "subnet-0e04f3f1296f28b97",
                            "map_public_ip_on_launch": "true",
                            "tags.%": "2",
                            "tags.Name": "hdb eks Subnet1e",
                            "tags.kubernetes.io/cluster/${var.eks-cluster-name}": "",
                            "vpc_id": "vpc-034c66ad03cec7da9"
                        },
                        "meta": {
                            "e2bfb730-ecaa-11e6-8f88-34363bc7c4c0": {
                                "create": 600000000000,
                                "delete": 600000000000
                            },
                            "schema_version": "1"
                        },
                        "tainted": false
                    },
                    "deposed": [],
                    "provider": "provider.aws"
                },
                "aws_subnet.us-east-1f-public": {
                    "type": "aws_subnet",
                    "depends_on": [
                        "aws_vpc.default"
                    ],
                    "primary": {
                        "id": "subnet-00a93427e26597f2c",
                        "attributes": {
                            "arn": "arn:aws:ec2:us-east-1:413230511243:subnet/subnet-00a93427e26597f2c",
                            "assign_ipv6_address_on_creation": "false",
                            "availability_zone": "us-east-1f",
                            "cidr_block": "10.11.6.0/24",
                            "id": "subnet-00a93427e26597f2c",
                            "map_public_ip_on_launch": "true",
                            "tags.%": "2",
                            "tags.Name": "hdb eks Subnet1f",
                            "tags.kubernetes.io/cluster/${var.eks-cluster-name}": "",
                            "vpc_id": "vpc-034c66ad03cec7da9"
                        },
                        "meta": {
                            "e2bfb730-ecaa-11e6-8f88-34363bc7c4c0": {
                                "create": 600000000000,
                                "delete": 600000000000
                            },
                            "schema_version": "1"
                        },
                        "tainted": false
                    },
                    "deposed": [],
                    "provider": "provider.aws"
                },
                "aws_vpc.default": {
                    "type": "aws_vpc",
                    "depends_on": [],
                    "primary": {
                        "id": "vpc-034c66ad03cec7da9",
                        "attributes": {
                            "arn": "arn:aws:ec2:us-east-1:413230511243:vpc/vpc-034c66ad03cec7da9",
                            "assign_generated_ipv6_cidr_block": "false",
                            "cidr_block": "10.11.0.0/16",
                            "default_network_acl_id": "acl-040e781c3724b5a25",
                            "default_route_table_id": "rtb-0497526bbd575699c",
                            "default_security_group_id": "sg-0392471cef6c8be21",
                            "dhcp_options_id": "dopt-79acd602",
                            "enable_classiclink": "false",
                            "enable_classiclink_dns_support": "false",
                            "enable_dns_hostnames": "true",
                            "enable_dns_support": "true",
                            "id": "vpc-034c66ad03cec7da9",
                            "instance_tenancy": "default",
                            "main_route_table_id": "rtb-0497526bbd575699c",
                            "tags.%": "2",
                            "tags.Name": "hdb01-eks-vpc",
                            "tags.kubernetes.io/cluster/${var.eks-cluster-name}": ""
                        },
                        "meta": {
                            "schema_version": "1"
                        },
                        "tainted": false
                    },
                    "deposed": [],
                    "provider": "provider.aws"
                },
                "data.aws_ami.eks-worker": {
                    "type": "aws_ami",
                    "depends_on": [],
                    "primary": {
                        "id": "ami-048486555686d18a0",
                        "attributes": {
                            "architecture": "x86_64",
                            "block_device_mappings.#": "1",
                            "block_device_mappings.3798922657.device_name": "/dev/xvda",
                            "block_device_mappings.3798922657.ebs.%": "6",
                            "block_device_mappings.3798922657.ebs.delete_on_termination": "true",
                            "block_device_mappings.3798922657.ebs.encrypted": "false",
                            "block_device_mappings.3798922657.ebs.iops": "0",
                            "block_device_mappings.3798922657.ebs.snapshot_id": "snap-0277468d4a8a6a3d8",
                            "block_device_mappings.3798922657.ebs.volume_size": "20",
                            "block_device_mappings.3798922657.ebs.volume_type": "gp2",
                            "block_device_mappings.3798922657.no_device": "",
                            "block_device_mappings.3798922657.virtual_name": "",
                            "creation_date": "2018-08-14T21:06:01.000Z",
                            "description": "EKS Kubernetes Worker AMI with AmazonLinux2 image",
                            "filter.#": "1",
                            "filter.2070637487.name": "name",
                            "filter.2070637487.values.#": "1",
                            "filter.2070637487.values.0": "eks-worker-*",
                            "hypervisor": "xen",
                            "id": "ami-048486555686d18a0",
                            "image_id": "ami-048486555686d18a0",
                            "image_location": "602401143452/eks-worker-v22",
                            "image_type": "machine",
                            "most_recent": "true",
                            "name": "eks-worker-v22",
                            "owner_id": "602401143452",
                            "owners.#": "1",
                            "owners.0": "",
                            "product_codes.#": "0",
                            "public": "true",
                            "root_device_name": "/dev/xvda",
                            "root_device_type": "ebs",
                            "root_snapshot_id": "snap-0277468d4a8a6a3d8",
                            "sriov_net_support": "simple",
                            "state": "available",
                            "state_reason.%": "2",
                            "state_reason.code": "UNSET",
                            "state_reason.message": "UNSET",
                            "tags.%": "0",
                            "virtualization_type": "hvm"
                        },
                        "meta": {},
                        "tainted": false
                    },
                    "deposed": [],
                    "provider": "provider.aws"
                },
                "data.aws_region.current": {
                    "type": "aws_region",
                    "depends_on": [],
                    "primary": {
                        "id": "us-east-1",
                        "attributes": {
                            "current": "true",
                            "description": "US East (N. Virginia)",
                            "endpoint": "ec2.us-east-1.amazonaws.com",
                            "id": "us-east-1",
                            "name": "us-east-1"
                        },
                        "meta": {},
                        "tainted": false
                    },
                    "deposed": [],
                    "provider": "provider.aws"
                }
            },
            "depends_on": []
        }
    ]
}
